
Microsoft Visual Studio Solution File, Format Version 12.00
# Visual Studio 15
VisualStudioVersion = 15.0.27428.2002
MinimumVisualStudioVersion = 10.0.40219.1
Project("{FAE04EC0-301F-11D3-BF4B-00C04F79EFBC}") = "CU", "CU\CU.csproj", "{195F651D-9F2D-4563-ADB4-7640B900F881}"
EndProject
Global
	GlobalSection(SolutionConfigurationPlatforms) = preSolution
		Debug|Any CPU = Debug|Any CPU
		Release|Any CPU = Release|Any CPU
	EndGlobalSection
	GlobalSection(ProjectConfigurationPlatforms) = postSolution
		{195F651D-9F2D-4563-ADB4-7640B900F881}.Debug|Any CPU.ActiveCfg = Debug|Any CPU
		{195F651D-9F2D-4563-ADB4-7640B900F881}.Debug|Any CPU.Build.0 = Debug|Any CPU
		{195F651D-9F2D-4563-ADB4-7640B900F881}.Release|Any CPU.ActiveCfg = Release|Any CPU
		{195F651D-9F2D-4563-ADB4-7640B900F881}.Release|Any CPU.Build.0 = Release|Any CPU
	EndGlobalSection
	GlobalSection(SolutionProperties) = preSolution
		HideSolutionNode = FALSE
	EndGlobalSection
	GlobalSection(ExtensibilityGlobals) = postSolution
		SolutionGuid = {B75BCA75-987B-41C5-9084-8F0D2DB170A0}
	EndGlobalSection
EndGlobal
